
Microsoft Visual Studio Solution File, Format Version 12.00
# Visual Studio Version 17
VisualStudioVersion = 17.13.35825.156
MinimumVisualStudioVersion = 10.0.40219.1
Project("{FAE04EC0-301F-11D3-BF4B-00C04F79EFBC}") = "Rrs.VB6DebuggerMarshalling.Com", "Rrs.VB6DebuggerMarshalling.Com\Rrs.VB6DebuggerMarshalling.Com.csproj", "{C70D9927-0C88-4484-8A9A-2C7A810AD7ED}"
EndProject
Project("{FAE04EC0-301F-11D3-BF4B-00C04F79EFBC}") = "Rrs.VB6DebuggerMarshalling.App", "Rrs.VB6DebuggerMarshalling.App\Rrs.VB6DebuggerMarshalling.App.csproj", "{B2043DD5-DF32-4C86-9BEC-1C32B442FD55}"
EndProject
Project("{FAE04EC0-301F-11D3-BF4B-00C04F79EFBC}") = "Rrs.Ado.Com", "Rrs.Ado.Com\Rrs.Ado.Com.csproj", "{B1DC3521-0937-4C1C-9CC9-013C7F2523D1}"
EndProject
Global
	GlobalSection(SolutionConfigurationPlatforms) = preSolution
		Debug|Any CPU = Debug|Any CPU
		NET48|Any CPU = NET48|Any CPU
		Release|Any CPU = Release|Any CPU
	EndGlobalSection
	GlobalSection(ProjectConfigurationPlatforms) = postSolution
		{C70D9927-0C88-4484-8A9A-2C7A810AD7ED}.Debug|Any CPU.ActiveCfg = Debug|Any CPU
		{C70D9927-0C88-4484-8A9A-2C7A810AD7ED}.Debug|Any CPU.Build.0 = Debug|Any CPU
		{C70D9927-0C88-4484-8A9A-2C7A810AD7ED}.NET48|Any CPU.ActiveCfg = NET48|Any CPU
		{C70D9927-0C88-4484-8A9A-2C7A810AD7ED}.NET48|Any CPU.Build.0 = NET48|Any CPU
		{C70D9927-0C88-4484-8A9A-2C7A810AD7ED}.Release|Any CPU.ActiveCfg = Release|Any CPU
		{C70D9927-0C88-4484-8A9A-2C7A810AD7ED}.Release|Any CPU.Build.0 = Release|Any CPU
		{B2043DD5-DF32-4C86-9BEC-1C32B442FD55}.Debug|Any CPU.ActiveCfg = Debug|Any CPU
		{B2043DD5-DF32-4C86-9BEC-1C32B442FD55}.Debug|Any CPU.Build.0 = Debug|Any CPU
		{B2043DD5-DF32-4C86-9BEC-1C32B442FD55}.NET48|Any CPU.ActiveCfg = NET48|Any CPU
		{B2043DD5-DF32-4C86-9BEC-1C32B442FD55}.Release|Any CPU.ActiveCfg = Release|Any CPU
		{B2043DD5-DF32-4C86-9BEC-1C32B442FD55}.Release|Any CPU.Build.0 = Release|Any CPU
		{B1DC3521-0937-4C1C-9CC9-013C7F2523D1}.Debug|Any CPU.ActiveCfg = Debug|Any CPU
		{B1DC3521-0937-4C1C-9CC9-013C7F2523D1}.Debug|Any CPU.Build.0 = Debug|Any CPU
		{B1DC3521-0937-4C1C-9CC9-013C7F2523D1}.NET48|Any CPU.ActiveCfg = NET48|Any CPU
		{B1DC3521-0937-4C1C-9CC9-013C7F2523D1}.NET48|Any CPU.Build.0 = NET48|Any CPU
		{B1DC3521-0937-4C1C-9CC9-013C7F2523D1}.Release|Any CPU.ActiveCfg = Release|Any CPU
		{B1DC3521-0937-4C1C-9CC9-013C7F2523D1}.Release|Any CPU.Build.0 = Release|Any CPU
	EndGlobalSection
	GlobalSection(SolutionProperties) = preSolution
		HideSolutionNode = FALSE
	EndGlobalSection
	GlobalSection(ExtensibilityGlobals) = postSolution
		SolutionGuid = {EB45EF99-39B7-47A6-815C-195A34B878F2}
	EndGlobalSection
EndGlobal
